// !$*UTF8*$!
{
	archiveVersion = 1;
	classes = {
	};
	objectVersion = 46;
	objects = {

/* Begin PBXBuildFile section */
		9C3197E31CACBD040081B23F /* AppDelegate.swift in Sources */ = {isa = PBXBuildFile; fileRef = 9C3197E21CACBD040081B23F /* AppDelegate.swift */; };
		9C3197E51CACBD040081B23F /* ViewController.swift in Sources */ = {isa = PBXBuildFile; fileRef = 9C3197E41CACBD040081B23F /* ViewController.swift */; };
		9C3197E81CACBD040081B23F /* Main.storyboard in Resources */ = {isa = PBXBuildFile; fileRef = 9C3197E61CACBD040081B23F /* Main.storyboard */; };
		9C3197EA1CACBD040081B23F /* Assets.xcassets in Resources */ = {isa = PBXBuildFile; fileRef = 9C3197E91CACBD040081B23F /* Assets.xcassets */; };
		9C3197ED1CACBD040081B23F /* LaunchScreen.storyboard in Resources */ = {isa = PBXBuildFile; fileRef = 9C3197EB1CACBD040081B23F /* LaunchScreen.storyboard */; };
/* End PBXBuildFile section */

/* Begin PBXFileReference section */
		9C3197DF1CACBD040081B23F /* Sensores 4b.app */ = {isa = PBXFileReference; explicitFileType = wrapper.application; includeInIndex = 0; path = "Sensores 4b.app"; sourceTree = BUILT_PRODUCTS_DIR; };
		9C3197E21CACBD040081B23F /* AppDelegate.swift */ = {isa = PBXFileReference; lastKnownFileType = sourcecode.swift; path = AppDelegate.swift; sourceTree = "<group>"; };
		9C3197E41CACBD040081B23F /* ViewController.swift */ = {isa = PBXFileReference; lastKnownFileType = sourcecode.swift; path = ViewController.swift; sourceTree = "<group>"; };
		9C3197E71CACBD040081B23F /* Base */ = {isa = PBXFileReference; lastKnownFileType = file.storyboard; name = Base; path = Base.lproj/Main.storyboard; sourceTree = "<group>"; };
		9C3197E91CACBD040081B23F /* Assets.xcassets */ = {isa = PBXFileReference; lastKnownFileType = folder.assetcatalog; path = Assets.xcassets; sourceTree = "<group>"; };
		9C3197EC1CACBD040081B23F /* Base */ = {isa = PBXFileReference; lastKnownFileType = file.storyboard; name = Base; path = Base.lproj/LaunchScreen.storyboard; sourceTree = "<group>"; };
		9C3197EE1CACBD040081B23F /* Info.plist */ = {isa = PBXFileReference; lastKnownFileType = text.plist.xml; path = Info.plist; sourceTree = "<group>"; };
/* End PBXFileReference section */

/* Begin PBXFrameworksBuildPhase section */
		9C3197DC1CACBD040081B23F /* Frameworks */ = {
			isa = PBXFrameworksBuildPhase;
			buildActionMask = 2147483647;
			files = (
			);
			runOnlyForDeploymentPostprocessing = 0;
		};
/* End PBXFrameworksBuildPhase section */

/* Begin PBXGroup section */
		9C3197D61CACBD040081B23F = {
			isa = PBXGroup;
			children = (
				9C3197E11CACBD040081B23F /* Sensores 4b */,
				9C3197E01CACBD040081B23F /* Products */,
			);
			sourceTree = "<group>";
		};
		9C3197E01CACBD040081B23F /* Products */ = {
			isa = PBXGroup;
			children = (
				9C3197DF1CACBD040081B23F /* Sensores 4b.app */,
			);
			name = Products;
			sourceTree = "<group>";
		};
		9C3197E11CACBD040081B23F /* Sensores 4b */ = {
			isa = PBXGroup;
			children = (
				9C3197E21CACBD040081B23F /* AppDelegate.swift */,
				9C3197E41CACBD040081B23F /* ViewController.swift */,
				9C3197E61CACBD040081B23F /* Main.storyboard */,
				9C3197E91CACBD040081B23F /* Assets.xcassets */,
				9C3197EB1CACBD040081B23F /* LaunchScreen.storyboard */,
				9C3197EE1CACBD040081B23F /* Info.plist */,
			);
			path = "Sensores 4b";
			sourceTree = "<group>";
		};
/* End PBXGroup section */

/* Begin PBXNativeTarget section */
		9C3197DE1CACBD040081B23F /* Sensores 4b */ = {
			isa = PBXNativeTarget;
			buildConfigurationList = 9C3197F11CACBD040081B23F /* Build configuration list for PBXNativeTarget "Sensores 4b" */;
			buildPhases = (
				9C3197DB1CACBD040081B23F /* Sources */,
				9C3197DC1CACBD040081B23F /* Frameworks */,
				9C3197DD1CACBD040081B23F /* Resources */,
			);
			buildRules = (
			);
			dependencies = (
			);
			name = "Sensores 4b";
			productName = "Sensores 4b";
			productReference = 9C3197DF1CACBD040081B23F /* Sensores 4b.app */;
			productType = "com.apple.product-type.application";
		};
/* End PBXNativeTarget section */

/* Begin PBXProject section */
		9C3197D71CACBD040081B23F /* Project object */ = {
			isa = PBXProject;
			attributes = {
				LastSwiftUpdateCheck = 0720;
				LastUpgradeCheck = 0720;
				ORGANIZATIONNAME = "Juan  Sanchez";
				TargetAttributes = {
					9C3197DE1CACBD040081B23F = {
						CreatedOnToolsVersion = 7.2.1;
						DevelopmentTeam = A97FA2MZ62;
					};
				};
			};
			buildConfigurationList = 9C3197DA1CACBD040081B23F /* Build configuration list for PBXProject "Sensores 4b" */;
			compatibilityVersion = "Xcode 3.2";
			developmentRegion = English;
			hasScannedForEncodings = 0;
			knownRegions = (
				en,
				Base,
			);
			mainGroup = 9C3197D61CACBD040081B23F;
			productRefGroup = 9C3197E01CACBD040081B23F /* Products */;
			projectDirPath = "";
			projectRoot = "";
			targets = (
				9C3197DE1CACBD040081B23F /* Sensores 4b */,
			);
		};
/* End PBXProject section */

/* Begin PBXResourcesBuildPhase section */
		9C3197DD1CACBD040081B23F /* Resources */ = {
			isa = PBXResourcesBuildPhase;
			buildActionMask = 2147483647;
			files = (
				9C3197ED1CACBD040081B23F /* LaunchScreen.storyboard in Resources */,
				9C3197EA1CACBD040081B23F /* Assets.xcassets in Resources */,
				9C3197E81CACBD040081B23F /* Main.storyboard in Resources */,
			);
			runOnlyForDeploymentPostprocessing = 0;
		};
/* End PBXResourcesBuildPhase section */

/* Begin PBXSourcesBuildPhase section */
		9C3197DB1CACBD040081B23F /* Sources */ = {
			isa = PBXSourcesBuildPhase;
			buildActionMask = 2147483647;
			files = (
				9C3197E51CACBD040081B23F /* ViewController.swift in Sources */,
				9C3197E31CACBD040081B23F /* AppDelegate.swift in Sources */,
			);
			runOnlyForDeploymentPostprocessing = 0;
		};
/* End PBXSourcesBuildPhase section */

/* Begin PBXVariantGroup section */
		9C3197E61CACBD040081B23F /* Main.storyboard */ = {
			isa = PBXVariantGroup;
			children = (
				9C3197E71CACBD040081B23F /* Base */,
			);
			name = Main.storyboard;
			sourceTree = "<group>";
		};
		9C3197EB1CACBD040081B23F /* LaunchScreen.storyboard */ = {
			isa = PBXVariantGroup;
			children = (
				9C3197EC1CACBD040081B23F /* Base */,
			);
			name = LaunchScreen.storyboard;
			sourceTree = "<group>";
		};
/* End PBXVariantGroup section */

/* Begin XCBuildConfiguration section */
		9C3197EF1CACBD040081B23F /* Debug */ = {
			isa = XCBuildConfiguration;
			buildSettings = {
				ALWAYS_SEARCH_USER_PATHS = NO;
				CLANG_CXX_LANGUAGE_STANDARD = "gnu++0x";
				CLANG_CXX_LIBRARY = "libc++";
				CLANG_ENABLE_MODULES = YES;
				CLANG_ENABLE_OBJC_ARC = YES;
				CLANG_WARN_BOOL_CONVERSION = YES;
				CLANG_WARN_CONSTANT_CONVERSION = YES;
				CLANG_WARN_DIRECT_OBJC_ISA_USAGE = YES_ERROR;
				CLANG_WARN_EMPTY_BODY = YES;
				CLANG_WARN_ENUM_CONVERSION = YES;
				CLANG_WARN_INT_CONVERSION = YES;
				CLANG_WARN_OBJC_ROOT_CLASS = YES_ERROR;
				CLANG_WARN_UNREACHABLE_CODE = YES;
				CLANG_WARN__DUPLICATE_METHOD_MATCH = YES;
				"CODE_SIGN_IDENTITY[sdk=iphoneos*]" = "iPhone Developer";
				COPY_PHASE_STRIP = NO;
				DEBUG_INFORMATION_FORMAT = dwarf;
				ENABLE_STRICT_OBJC_MSGSEND = YES;
				ENABLE_TESTABILITY = YES;
				GCC_C_LANGUAGE_STANDARD = gnu99;
				GCC_DYNAMIC_NO_PIC = NO;
				GCC_NO_COMMON_BLOCKS = YES;
				GCC_OPTIMIZATION_LEVEL = 0;
				GCC_PREPROCESSOR_DEFINITIONS = (
					"DEBUG=1",
					"$(inherited)",
				);
				GCC_WARN_64_TO_32_BIT_CONVERSION = YES;
				GCC_WARN_ABOUT_RETURN_TYPE = YES_ERROR;
				GCC_WARN_UNDECLARED_SELECTOR = YES;
				GCC_WARN_UNINITIALIZED_AUTOS = YES_AGGRESSIVE;
				GCC_WARN_UNUSED_FUNCTION = YES;
				GCC_WARN_UNUSED_VARIABLE = YES;
				IPHONEOS_DEPLOYMENT_TARGET = 9.2;
				MTL_ENABLE_DEBUG_INFO = YES;
				ONLY_ACTIVE_ARCH = YES;
				SDKROOT = iphoneos;
				SWIFT_OPTIMIZATION_LEVEL = "-Onone";
				TARGETED_DEVICE_FAMILY = "1,2";
			};
			name = Debug;
		};
		9C3197F01CACBD040081B23F /* Release */ = {
			isa = XCBuildConfiguration;
			buildSettings = {
				ALWAYS_SEARCH_USER_PATHS = NO;
				CLANG_CXX_LANGUAGE_STANDARD = "gnu++0x";
				CLANG_CXX_LIBRARY = "libc++";
				CLANG_ENABLE_MODULES = YES;
				CLANG_ENABLE_OBJC_ARC = YES;
				CLANG_WARN_BOOL_CONVERSION = YES;
				CLANG_WARN_CONSTANT_CONVERSION = YES;
				CLANG_WARN_DIRECT_OBJC_ISA_USAGE = YES_ERROR;
				CLANG_WARN_EMPTY_BODY = YES;
				CLANG_WARN_ENUM_CONVERSION = YES;
				CLANG_WARN_INT_CONVERSION = YES;
				CLANG_WARN_OBJC_ROOT_CLASS = YES_ERROR;
				CLANG_WARN_UNREACHABLE_CODE = YES;
				CLANG_WARN__DUPLICATE_METHOD_MATCH = YES;
				"CODE_SIGN_IDENTITY[sdk=iphoneos*]" = "iPhone Developer";
				COPY_PHASE_STRIP = NO;
				DEBUG_INFORMATION_FORMAT = "dwarf-with-dsym";
				ENABLE_NS_ASSERTIONS = NO;
				ENABLE_STRICT_OBJC_MSGSEND = YES;
				GCC_C_LANGUAGE_STANDARD = gnu99;
				GCC_NO_COMMON_BLOCKS = YES;
				GCC_WARN_64_TO_32_BIT_CONVERSION = YES;
				GCC_WARN_ABOUT_RETURN_TYPE = YES_ERROR;
				GCC_WARN_UNDECLARED_SELECTOR = YES;
				GCC_WARN_UNINITIALIZED_AUTOS = YES_AGGRESSIVE;
				GCC_WARN_UNUSED_FUNCTION = YES;
				GCC_WARN_UNUSED_VARIABLE = YES;
				IPHONEOS_DEPLOYMENT_TARGET = 9.2;
				MTL_ENABLE_DEBUG_INFO = NO;
				SDKROOT = iphoneos;
				TARGETED_DEVICE_FAMILY = "1,2";
				VALIDATE_PRODUCT = YES;
			};
			name = Release;
		};
		9C3197F21CACBD040081B23F /* Debug */ = {
			isa = XCBuildConfiguration;
			buildSettings = {
				ASSETCATALOG_COMPILER_APPICON_NAME = AppIcon;
				INFOPLIST_FILE = "Sensores 4b/Info.plist";
				LD_RUNPATH_SEARCH_PATHS = "$(inherited) @executable_path/Frameworks";
				PRODUCT_BUNDLE_IDENTIFIER = "com.johhns.Sensores-4b";
				PRODUCT_NAME = "$(TARGET_NAME)";
			};
			name = Debug;
		};
		9C3197F31CACBD040081B23F /* Release */ = {
			isa = XCBuildConfiguration;
			buildSettings = {
				ASSETCATALOG_COMPILER_APPICON_NAME = AppIcon;
				INFOPLIST_FILE = "Sensores 4b/Info.plist";
				LD_RUNPATH_SEARCH_PATHS = "$(inherited) @executable_path/Frameworks";
				PRODUCT_BUNDLE_IDENTIFIER = "com.johhns.Sensores-4b";
				PRODUCT_NAME = "$(TARGET_NAME)";
			};
			name = Release;
		};
/* End XCBuildConfiguration section */

/* Begin XCConfigurationList section */
		9C3197DA1CACBD040081B23F /* Build configuration list for PBXProject "Sensores 4b" */ = {
			isa = XCConfigurationList;
			buildConfigurations = (
				9C3197EF1CACBD040081B23F /* Debug */,
				9C3197F01CACBD040081B23F /* Release */,
			);
			defaultConfigurationIsVisible = 0;
			defaultConfigurationName = Release;
		};
		9C3197F11CACBD040081B23F /* Build configuration list for PBXNativeTarget "Sensores 4b" */ = {
			isa = XCConfigurationList;
			buildConfigurations = (
				9C3197F21CACBD040081B23F /* Debug */,
				9C3197F31CACBD040081B23F /* Release */,
			);
			defaultConfigurationIsVisible = 0;
		};
/* End XCConfigurationList section */
	};
	rootObject = 9C3197D71CACBD040081B23F /* Project object */;
}
